
Microsoft Visual Studio Solution File, Format Version 12.00
# Visual Studio 15
VisualStudioVersion = 15.0.28307.1062
MinimumVisualStudioVersion = 10.0.40219.1
Project("{FAE04EC0-301F-11D3-BF4B-00C04F79EFBC}") = "TimeZoneFinder", "TimeZoneFinder\TimeZoneFinder.csproj", "{004F6971-EAB1-4838-BDA4-62D0B1E8E93C}"
EndProject
Global
	GlobalSection(SolutionConfigurationPlatforms) = preSolution
		Debug|Any CPU = Debug|Any CPU
		Release|Any CPU = Release|Any CPU
	EndGlobalSection
	GlobalSection(ProjectConfigurationPlatforms) = postSolution
		{004F6971-EAB1-4838-BDA4-62D0B1E8E93C}.Debug|Any CPU.ActiveCfg = Debug|Any CPU
		{004F6971-EAB1-4838-BDA4-62D0B1E8E93C}.Debug|Any CPU.Build.0 = Debug|Any CPU
		{004F6971-EAB1-4838-BDA4-62D0B1E8E93C}.Release|Any CPU.ActiveCfg = Release|Any CPU
		{004F6971-EAB1-4838-BDA4-62D0B1E8E93C}.Release|Any CPU.Build.0 = Release|Any CPU
	EndGlobalSection
	GlobalSection(SolutionProperties) = preSolution
		HideSolutionNode = FALSE
	EndGlobalSection
	GlobalSection(ExtensibilityGlobals) = postSolution
		SolutionGuid = {A3CE8252-CDB8-463D-8B0D-94E0F37CC042}
	EndGlobalSection
EndGlobal
